
Microsoft Visual Studio Solution File, Format Version 12.00
# Visual Studio Version 16
VisualStudioVersion = 16.0.28714.193
MinimumVisualStudioVersion = 10.0.40219.1
Project("{FAE04EC0-301F-11D3-BF4B-00C04F79EFBC}") = "BlazorClientSideSearch.Server", "BlazorClientSideSearch.Server\BlazorClientSideSearch.Server.csproj", "{E7101E64-B9EB-4083-877D-E8008EEB6214}"
EndProject
Project("{FAE04EC0-301F-11D3-BF4B-00C04F79EFBC}") = "BlazorClientSideSearch.Client", "BlazorClientSideSearch.Client\BlazorClientSideSearch.Client.csproj", "{8977E478-292B-48B3-96AE-70C404F5B53C}"
EndProject
Project("{FAE04EC0-301F-11D3-BF4B-00C04F79EFBC}") = "BlazorClientSideSearch.Shared", "BlazorClientSideSearch.Shared\BlazorClientSideSearch.Shared.csproj", "{8512EC3C-13CC-4DD1-963E-0E6BE37413A9}"
EndProject
Global
	GlobalSection(SolutionConfigurationPlatforms) = preSolution
		Debug|Any CPU = Debug|Any CPU
		Release|Any CPU = Release|Any CPU
	EndGlobalSection
	GlobalSection(ProjectConfigurationPlatforms) = postSolution
		{E7101E64-B9EB-4083-877D-E8008EEB6214}.Debug|Any CPU.ActiveCfg = Debug|Any CPU
		{E7101E64-B9EB-4083-877D-E8008EEB6214}.Debug|Any CPU.Build.0 = Debug|Any CPU
		{E7101E64-B9EB-4083-877D-E8008EEB6214}.Release|Any CPU.ActiveCfg = Release|Any CPU
		{E7101E64-B9EB-4083-877D-E8008EEB6214}.Release|Any CPU.Build.0 = Release|Any CPU
		{8977E478-292B-48B3-96AE-70C404F5B53C}.Debug|Any CPU.ActiveCfg = Debug|Any CPU
		{8977E478-292B-48B3-96AE-70C404F5B53C}.Debug|Any CPU.Build.0 = Debug|Any CPU
		{8977E478-292B-48B3-96AE-70C404F5B53C}.Release|Any CPU.ActiveCfg = Release|Any CPU
		{8977E478-292B-48B3-96AE-70C404F5B53C}.Release|Any CPU.Build.0 = Release|Any CPU
		{8512EC3C-13CC-4DD1-963E-0E6BE37413A9}.Debug|Any CPU.ActiveCfg = Debug|Any CPU
		{8512EC3C-13CC-4DD1-963E-0E6BE37413A9}.Debug|Any CPU.Build.0 = Debug|Any CPU
		{8512EC3C-13CC-4DD1-963E-0E6BE37413A9}.Release|Any CPU.ActiveCfg = Release|Any CPU
		{8512EC3C-13CC-4DD1-963E-0E6BE37413A9}.Release|Any CPU.Build.0 = Release|Any CPU
	EndGlobalSection
	GlobalSection(SolutionProperties) = preSolution
		HideSolutionNode = FALSE
	EndGlobalSection
	GlobalSection(ExtensibilityGlobals) = postSolution
		SolutionGuid = {98FF9F0C-69B6-4701-88B1-655E6F347BAF}
	EndGlobalSection
EndGlobal
